
Microsoft Visual Studio Solution File, Format Version 12.00
# Visual Studio Version 16
VisualStudioVersion = 16.0.29001.49
MinimumVisualStudioVersion = 10.0.40219.1
Project("{9A19103F-16F7-4668-BE54-9A1E7A4F7556}") = "DiplomProject", "DiplomProject.csproj", "{CE6232C6-C7D5-4AD7-8BEF-CBD08ABB0A47}"
EndProject
Project("{FAE04EC0-301F-11D3-BF4B-00C04F79EFBC}") = "InterfaceBD", "..\InterfaceBD\InterfaceBD.csproj", "{0F23298D-8006-47D5-8955-A764DCAAE4C8}"
EndProject
Global
	GlobalSection(SolutionConfigurationPlatforms) = preSolution
		Debug|Any CPU = Debug|Any CPU
		Release|Any CPU = Release|Any CPU
	EndGlobalSection
	GlobalSection(ProjectConfigurationPlatforms) = postSolution
		{CE6232C6-C7D5-4AD7-8BEF-CBD08ABB0A47}.Debug|Any CPU.ActiveCfg = Debug|Any CPU
		{CE6232C6-C7D5-4AD7-8BEF-CBD08ABB0A47}.Debug|Any CPU.Build.0 = Debug|Any CPU
		{CE6232C6-C7D5-4AD7-8BEF-CBD08ABB0A47}.Release|Any CPU.ActiveCfg = Release|Any CPU
		{CE6232C6-C7D5-4AD7-8BEF-CBD08ABB0A47}.Release|Any CPU.Build.0 = Release|Any CPU
		{0F23298D-8006-47D5-8955-A764DCAAE4C8}.Debug|Any CPU.ActiveCfg = Debug|Any CPU
		{0F23298D-8006-47D5-8955-A764DCAAE4C8}.Debug|Any CPU.Build.0 = Debug|Any CPU
		{0F23298D-8006-47D5-8955-A764DCAAE4C8}.Release|Any CPU.ActiveCfg = Release|Any CPU
		{0F23298D-8006-47D5-8955-A764DCAAE4C8}.Release|Any CPU.Build.0 = Release|Any CPU
	EndGlobalSection
	GlobalSection(SolutionProperties) = preSolution
		HideSolutionNode = FALSE
	EndGlobalSection
	GlobalSection(ExtensibilityGlobals) = postSolution
		SolutionGuid = {B9C60503-5531-4DD8-80F9-EB31FB598641}
	EndGlobalSection
EndGlobal
